
Microsoft Visual Studio Solution File, Format Version 12.00
# Visual Studio Version 18
VisualStudioVersion = 18.2.11430.68 d18.0
MinimumVisualStudioVersion = 10.0.40219.1
Project("{FAE04EC0-301F-11D3-BF4B-00C04F79EFBC}") = "AgentHub", "AgentHub.csproj", "{B0670A72-F039-2B1D-D88C-2378674BC914}"
EndProject
Global
	GlobalSection(SolutionConfigurationPlatforms) = preSolution
		Debug|Any CPU = Debug|Any CPU
		Release|Any CPU = Release|Any CPU
	EndGlobalSection
	GlobalSection(ProjectConfigurationPlatforms) = postSolution
		{B0670A72-F039-2B1D-D88C-2378674BC914}.Debug|Any CPU.ActiveCfg = Debug|Any CPU
		{B0670A72-F039-2B1D-D88C-2378674BC914}.Debug|Any CPU.Build.0 = Debug|Any CPU
		{B0670A72-F039-2B1D-D88C-2378674BC914}.Release|Any CPU.ActiveCfg = Release|Any CPU
		{B0670A72-F039-2B1D-D88C-2378674BC914}.Release|Any CPU.Build.0 = Release|Any CPU
	EndGlobalSection
	GlobalSection(SolutionProperties) = preSolution
		HideSolutionNode = FALSE
	EndGlobalSection
	GlobalSection(ExtensibilityGlobals) = postSolution
		SolutionGuid = {FBA1F4FC-59B1-4C83-B06F-E4FEE3921B70}
	EndGlobalSection
EndGlobal
